
Microsoft Visual Studio Solution File, Format Version 12.00
# Visual Studio Version 17
VisualStudioVersion = 17.9.34728.123
MinimumVisualStudioVersion = 10.0.40219.1
Project("{FAE04EC0-301F-11D3-BF4B-00C04F79EFBC}") = "CrawlMST", "CrawlMST\CrawlMST.csproj", "{62D917A0-2DAE-4F1A-9626-D7440BD1EEF3}"
EndProject
Global
	GlobalSection(SolutionConfigurationPlatforms) = preSolution
		Debug|Any CPU = Debug|Any CPU
		Release|Any CPU = Release|Any CPU
	EndGlobalSection
	GlobalSection(ProjectConfigurationPlatforms) = postSolution
		{62D917A0-2DAE-4F1A-9626-D7440BD1EEF3}.Debug|Any CPU.ActiveCfg = Debug|Any CPU
		{62D917A0-2DAE-4F1A-9626-D7440BD1EEF3}.Debug|Any CPU.Build.0 = Debug|Any CPU
		{62D917A0-2DAE-4F1A-9626-D7440BD1EEF3}.Release|Any CPU.ActiveCfg = Release|Any CPU
		{62D917A0-2DAE-4F1A-9626-D7440BD1EEF3}.Release|Any CPU.Build.0 = Release|Any CPU
	EndGlobalSection
	GlobalSection(SolutionProperties) = preSolution
		HideSolutionNode = FALSE
	EndGlobalSection
	GlobalSection(ExtensibilityGlobals) = postSolution
		SolutionGuid = {E1C17F2F-B69C-4D59-A7DB-C4E63EA27845}
	EndGlobalSection
EndGlobal
